
Microsoft Visual Studio Solution File, Format Version 12.00
# Visual Studio 15
VisualStudioVersion = 15.0.28307.329
MinimumVisualStudioVersion = 10.0.40219.1
Project("{9A19103F-16F7-4668-BE54-9A1E7A4F7556}") = "LibraryManagement", "LibraryManagement\LibraryManagement.csproj", "{645610C1-2492-4186-BEA6-681A1981B19E}"
EndProject
Project("{9A19103F-16F7-4668-BE54-9A1E7A4F7556}") = "LibraryData", "LibraryData\LibraryData.csproj", "{4956A732-3790-4124-9989-06FA5C646D61}"
EndProject
Project("{FAE04EC0-301F-11D3-BF4B-00C04F79EFBC}") = "LibraryServices", "LibraryServices\LibraryServices.csproj", "{A02F7855-D90E-484D-9402-912FC50A4920}"
EndProject
Global
	GlobalSection(SolutionConfigurationPlatforms) = preSolution
		Debug|Any CPU = Debug|Any CPU
		Release|Any CPU = Release|Any CPU
	EndGlobalSection
	GlobalSection(ProjectConfigurationPlatforms) = postSolution
		{645610C1-2492-4186-BEA6-681A1981B19E}.Debug|Any CPU.ActiveCfg = Debug|Any CPU
		{645610C1-2492-4186-BEA6-681A1981B19E}.Debug|Any CPU.Build.0 = Debug|Any CPU
		{645610C1-2492-4186-BEA6-681A1981B19E}.Release|Any CPU.ActiveCfg = Release|Any CPU
		{645610C1-2492-4186-BEA6-681A1981B19E}.Release|Any CPU.Build.0 = Release|Any CPU
		{4956A732-3790-4124-9989-06FA5C646D61}.Debug|Any CPU.ActiveCfg = Debug|Any CPU
		{4956A732-3790-4124-9989-06FA5C646D61}.Debug|Any CPU.Build.0 = Debug|Any CPU
		{4956A732-3790-4124-9989-06FA5C646D61}.Release|Any CPU.ActiveCfg = Release|Any CPU
		{4956A732-3790-4124-9989-06FA5C646D61}.Release|Any CPU.Build.0 = Release|Any CPU
		{A02F7855-D90E-484D-9402-912FC50A4920}.Debug|Any CPU.ActiveCfg = Debug|Any CPU
		{A02F7855-D90E-484D-9402-912FC50A4920}.Debug|Any CPU.Build.0 = Debug|Any CPU
		{A02F7855-D90E-484D-9402-912FC50A4920}.Release|Any CPU.ActiveCfg = Release|Any CPU
		{A02F7855-D90E-484D-9402-912FC50A4920}.Release|Any CPU.Build.0 = Release|Any CPU
	EndGlobalSection
	GlobalSection(SolutionProperties) = preSolution
		HideSolutionNode = FALSE
	EndGlobalSection
	GlobalSection(ExtensibilityGlobals) = postSolution
		SolutionGuid = {952851A8-20EE-4FCB-9E59-43A243C37F52}
	EndGlobalSection
EndGlobal
